
Microsoft Visual Studio Solution File, Format Version 12.00
# Visual Studio Version 16
VisualStudioVersion = 16.0.30204.135
MinimumVisualStudioVersion = 10.0.40219.1
Project("{FAE04EC0-301F-11D3-BF4B-00C04F79EFBC}") = "串口助手", "串口助手\串口助手.csproj", "{553BF853-EAA3-46FE-A104-5B717DCF2B16}"
EndProject
Global
	GlobalSection(SolutionConfigurationPlatforms) = preSolution
		Debug|Any CPU = Debug|Any CPU
		Release|Any CPU = Release|Any CPU
	EndGlobalSection
	GlobalSection(ProjectConfigurationPlatforms) = postSolution
		{553BF853-EAA3-46FE-A104-5B717DCF2B16}.Debug|Any CPU.ActiveCfg = Debug|Any CPU
		{553BF853-EAA3-46FE-A104-5B717DCF2B16}.Debug|Any CPU.Build.0 = Debug|Any CPU
		{553BF853-EAA3-46FE-A104-5B717DCF2B16}.Release|Any CPU.ActiveCfg = Release|Any CPU
		{553BF853-EAA3-46FE-A104-5B717DCF2B16}.Release|Any CPU.Build.0 = Release|Any CPU
	EndGlobalSection
	GlobalSection(SolutionProperties) = preSolution
		HideSolutionNode = FALSE
	EndGlobalSection
	GlobalSection(ExtensibilityGlobals) = postSolution
		SolutionGuid = {4139761A-9CD6-4BDA-84AF-436E94AE053E}
	EndGlobalSection
EndGlobal
